
Microsoft Visual Studio Solution File, Format Version 12.00
# Visual Studio Version 17
VisualStudioVersion = 17.7.34302.85
MinimumVisualStudioVersion = 10.0.40219.1
Project("{FAE04EC0-301F-11D3-BF4B-00C04F79EFBC}") = "Triangle", "Triangle\Triangle.csproj", "{7ECE5C3E-B7C1-41B0-936F-4149411EFF9B}"
EndProject
Global
	GlobalSection(SolutionConfigurationPlatforms) = preSolution
		Debug|Any CPU = Debug|Any CPU
		Release|Any CPU = Release|Any CPU
	EndGlobalSection
	GlobalSection(ProjectConfigurationPlatforms) = postSolution
		{7ECE5C3E-B7C1-41B0-936F-4149411EFF9B}.Debug|Any CPU.ActiveCfg = Debug|Any CPU
		{7ECE5C3E-B7C1-41B0-936F-4149411EFF9B}.Debug|Any CPU.Build.0 = Debug|Any CPU
		{7ECE5C3E-B7C1-41B0-936F-4149411EFF9B}.Release|Any CPU.ActiveCfg = Release|Any CPU
		{7ECE5C3E-B7C1-41B0-936F-4149411EFF9B}.Release|Any CPU.Build.0 = Release|Any CPU
	EndGlobalSection
	GlobalSection(SolutionProperties) = preSolution
		HideSolutionNode = FALSE
	EndGlobalSection
	GlobalSection(ExtensibilityGlobals) = postSolution
		SolutionGuid = {EEECFE53-3C45-4B0A-97D0-BD00CAB84DC3}
	EndGlobalSection
EndGlobal
