
Microsoft Visual Studio Solution File, Format Version 12.00
# Visual Studio Version 17
VisualStudioVersion = 17.7.34302.85
MinimumVisualStudioVersion = 10.0.40219.1
Project("{FAE04EC0-301F-11D3-BF4B-00C04F79EFBC}") = "Koleksiyonlar-Soru-1", "Koleksiyonlar-Soru-1\Koleksiyonlar-Soru-1.csproj", "{343370BA-AF21-414C-B13B-19602EA969FB}"
EndProject
Global
	GlobalSection(SolutionConfigurationPlatforms) = preSolution
		Debug|Any CPU = Debug|Any CPU
		Release|Any CPU = Release|Any CPU
	EndGlobalSection
	GlobalSection(ProjectConfigurationPlatforms) = postSolution
		{343370BA-AF21-414C-B13B-19602EA969FB}.Debug|Any CPU.ActiveCfg = Debug|Any CPU
		{343370BA-AF21-414C-B13B-19602EA969FB}.Debug|Any CPU.Build.0 = Debug|Any CPU
		{343370BA-AF21-414C-B13B-19602EA969FB}.Release|Any CPU.ActiveCfg = Release|Any CPU
		{343370BA-AF21-414C-B13B-19602EA969FB}.Release|Any CPU.Build.0 = Release|Any CPU
	EndGlobalSection
	GlobalSection(SolutionProperties) = preSolution
		HideSolutionNode = FALSE
	EndGlobalSection
	GlobalSection(ExtensibilityGlobals) = postSolution
		SolutionGuid = {C8063BE7-1B93-41C6-9E64-DE605CFEC297}
	EndGlobalSection
EndGlobal
